
Microsoft Visual Studio Solution File, Format Version 12.00
# Visual Studio Version 17
VisualStudioVersion = 17.6.33815.320
MinimumVisualStudioVersion = 10.0.40219.1
Project("{9A19103F-16F7-4668-BE54-9A1E7A4F7556}") = "UI", "UI\UI.csproj", "{6D3F7B77-B9EC-4E6E-A89B-9E25639D20E3}"
EndProject
Project("{9A19103F-16F7-4668-BE54-9A1E7A4F7556}") = "Domain", "Domain\Domain.csproj", "{3D923FAC-9B67-488C-9F3A-BB8882E75BE4}"
EndProject
Project("{9A19103F-16F7-4668-BE54-9A1E7A4F7556}") = "Repository", "Repository\Repository.csproj", "{80EDF411-DB4C-4BEB-AE80-06493E042EF9}"
EndProject
Project("{9A19103F-16F7-4668-BE54-9A1E7A4F7556}") = "Application", "Application\Application.csproj", "{EF47C295-A04E-4F2F-9185-7C16049BFF64}"
EndProject
Project("{FAE04EC0-301F-11D3-BF4B-00C04F79EFBC}") = "Common", "Common\Common.csproj", "{26ECF5E8-E046-4AAD-B48A-0DFF26CE6610}"
EndProject
Global
	GlobalSection(SolutionConfigurationPlatforms) = preSolution
		Debug|Any CPU = Debug|Any CPU
		Release|Any CPU = Release|Any CPU
	EndGlobalSection
	GlobalSection(ProjectConfigurationPlatforms) = postSolution
		{6D3F7B77-B9EC-4E6E-A89B-9E25639D20E3}.Debug|Any CPU.ActiveCfg = Debug|Any CPU
		{6D3F7B77-B9EC-4E6E-A89B-9E25639D20E3}.Debug|Any CPU.Build.0 = Debug|Any CPU
		{6D3F7B77-B9EC-4E6E-A89B-9E25639D20E3}.Release|Any CPU.ActiveCfg = Release|Any CPU
		{6D3F7B77-B9EC-4E6E-A89B-9E25639D20E3}.Release|Any CPU.Build.0 = Release|Any CPU
		{3D923FAC-9B67-488C-9F3A-BB8882E75BE4}.Debug|Any CPU.ActiveCfg = Debug|Any CPU
		{3D923FAC-9B67-488C-9F3A-BB8882E75BE4}.Debug|Any CPU.Build.0 = Debug|Any CPU
		{3D923FAC-9B67-488C-9F3A-BB8882E75BE4}.Release|Any CPU.ActiveCfg = Release|Any CPU
		{3D923FAC-9B67-488C-9F3A-BB8882E75BE4}.Release|Any CPU.Build.0 = Release|Any CPU
		{80EDF411-DB4C-4BEB-AE80-06493E042EF9}.Debug|Any CPU.ActiveCfg = Debug|Any CPU
		{80EDF411-DB4C-4BEB-AE80-06493E042EF9}.Debug|Any CPU.Build.0 = Debug|Any CPU
		{80EDF411-DB4C-4BEB-AE80-06493E042EF9}.Release|Any CPU.ActiveCfg = Release|Any CPU
		{80EDF411-DB4C-4BEB-AE80-06493E042EF9}.Release|Any CPU.Build.0 = Release|Any CPU
		{EF47C295-A04E-4F2F-9185-7C16049BFF64}.Debug|Any CPU.ActiveCfg = Debug|Any CPU
		{EF47C295-A04E-4F2F-9185-7C16049BFF64}.Debug|Any CPU.Build.0 = Debug|Any CPU
		{EF47C295-A04E-4F2F-9185-7C16049BFF64}.Release|Any CPU.ActiveCfg = Release|Any CPU
		{EF47C295-A04E-4F2F-9185-7C16049BFF64}.Release|Any CPU.Build.0 = Release|Any CPU
		{26ECF5E8-E046-4AAD-B48A-0DFF26CE6610}.Debug|Any CPU.ActiveCfg = Debug|Any CPU
		{26ECF5E8-E046-4AAD-B48A-0DFF26CE6610}.Debug|Any CPU.Build.0 = Debug|Any CPU
		{26ECF5E8-E046-4AAD-B48A-0DFF26CE6610}.Release|Any CPU.ActiveCfg = Release|Any CPU
		{26ECF5E8-E046-4AAD-B48A-0DFF26CE6610}.Release|Any CPU.Build.0 = Release|Any CPU
	EndGlobalSection
	GlobalSection(SolutionProperties) = preSolution
		HideSolutionNode = FALSE
	EndGlobalSection
	GlobalSection(ExtensibilityGlobals) = postSolution
		SolutionGuid = {F3EBDC57-E7F4-424F-AB9D-D07A57731201}
	EndGlobalSection
EndGlobal
