
Microsoft Visual Studio Solution File, Format Version 12.00
# Visual Studio Version 17
VisualStudioVersion = 17.6.33815.320
MinimumVisualStudioVersion = 10.0.40219.1
Project("{9A19103F-16F7-4668-BE54-9A1E7A4F7556}") = "Domain", "Domain\Domain.csproj", "{3D923FAC-9B67-488C-9F3A-BB8882E75BE4}"
EndProject
Project("{9A19103F-16F7-4668-BE54-9A1E7A4F7556}") = "Repository", "Repository\Repository.csproj", "{80EDF411-DB4C-4BEB-AE80-06493E042EF9}"
EndProject
Project("{9A19103F-16F7-4668-BE54-9A1E7A4F7556}") = "Application", "Application\Application.csproj", "{EF47C295-A04E-4F2F-9185-7C16049BFF64}"
EndProject
Project("{FAE04EC0-301F-11D3-BF4B-00C04F79EFBC}") = "Common", "Common\Common.csproj", "{26ECF5E8-E046-4AAD-B48A-0DFF26CE6610}"
EndProject
Project("{FAE04EC0-301F-11D3-BF4B-00C04F79EFBC}") = "UI_Server", "UI_Server\UI_Server.csproj", "{3AA5283D-86FB-43D7-81EB-9A5100BF6A54}"
EndProject
Project("{FAE04EC0-301F-11D3-BF4B-00C04F79EFBC}") = "DomainTests", "DomainTests\DomainTests.csproj", "{4E05D15D-2ECA-485F-B563-E3D05EAA3253}"
EndProject
Project("{2150E333-8FDC-42A3-9474-1A3956D46DE8}") = "Testing", "Testing", "{4380366B-EFFB-4004-8B6F-B606858F68E9}"
EndProject
Project("{FAE04EC0-301F-11D3-BF4B-00C04F79EFBC}") = "ApplicationTests", "ApplicationTests\ApplicationTests.csproj", "{2E86B148-40CB-4B52-A840-A88F1097C306}"
EndProject
Global
	GlobalSection(SolutionConfigurationPlatforms) = preSolution
		Debug|Any CPU = Debug|Any CPU
		Release|Any CPU = Release|Any CPU
	EndGlobalSection
	GlobalSection(ProjectConfigurationPlatforms) = postSolution
		{3D923FAC-9B67-488C-9F3A-BB8882E75BE4}.Debug|Any CPU.ActiveCfg = Debug|Any CPU
		{3D923FAC-9B67-488C-9F3A-BB8882E75BE4}.Debug|Any CPU.Build.0 = Debug|Any CPU
		{3D923FAC-9B67-488C-9F3A-BB8882E75BE4}.Release|Any CPU.ActiveCfg = Release|Any CPU
		{3D923FAC-9B67-488C-9F3A-BB8882E75BE4}.Release|Any CPU.Build.0 = Release|Any CPU
		{80EDF411-DB4C-4BEB-AE80-06493E042EF9}.Debug|Any CPU.ActiveCfg = Debug|Any CPU
		{80EDF411-DB4C-4BEB-AE80-06493E042EF9}.Debug|Any CPU.Build.0 = Debug|Any CPU
		{80EDF411-DB4C-4BEB-AE80-06493E042EF9}.Release|Any CPU.ActiveCfg = Release|Any CPU
		{80EDF411-DB4C-4BEB-AE80-06493E042EF9}.Release|Any CPU.Build.0 = Release|Any CPU
		{EF47C295-A04E-4F2F-9185-7C16049BFF64}.Debug|Any CPU.ActiveCfg = Debug|Any CPU
		{EF47C295-A04E-4F2F-9185-7C16049BFF64}.Debug|Any CPU.Build.0 = Debug|Any CPU
		{EF47C295-A04E-4F2F-9185-7C16049BFF64}.Release|Any CPU.ActiveCfg = Release|Any CPU
		{EF47C295-A04E-4F2F-9185-7C16049BFF64}.Release|Any CPU.Build.0 = Release|Any CPU
		{26ECF5E8-E046-4AAD-B48A-0DFF26CE6610}.Debug|Any CPU.ActiveCfg = Debug|Any CPU
		{26ECF5E8-E046-4AAD-B48A-0DFF26CE6610}.Debug|Any CPU.Build.0 = Debug|Any CPU
		{26ECF5E8-E046-4AAD-B48A-0DFF26CE6610}.Release|Any CPU.ActiveCfg = Release|Any CPU
		{26ECF5E8-E046-4AAD-B48A-0DFF26CE6610}.Release|Any CPU.Build.0 = Release|Any CPU
		{3AA5283D-86FB-43D7-81EB-9A5100BF6A54}.Debug|Any CPU.ActiveCfg = Debug|Any CPU
		{3AA5283D-86FB-43D7-81EB-9A5100BF6A54}.Debug|Any CPU.Build.0 = Debug|Any CPU
		{3AA5283D-86FB-43D7-81EB-9A5100BF6A54}.Release|Any CPU.ActiveCfg = Release|Any CPU
		{3AA5283D-86FB-43D7-81EB-9A5100BF6A54}.Release|Any CPU.Build.0 = Release|Any CPU
		{4E05D15D-2ECA-485F-B563-E3D05EAA3253}.Debug|Any CPU.ActiveCfg = Debug|Any CPU
		{4E05D15D-2ECA-485F-B563-E3D05EAA3253}.Debug|Any CPU.Build.0 = Debug|Any CPU
		{4E05D15D-2ECA-485F-B563-E3D05EAA3253}.Release|Any CPU.ActiveCfg = Release|Any CPU
		{4E05D15D-2ECA-485F-B563-E3D05EAA3253}.Release|Any CPU.Build.0 = Release|Any CPU
		{2E86B148-40CB-4B52-A840-A88F1097C306}.Debug|Any CPU.ActiveCfg = Debug|Any CPU
		{2E86B148-40CB-4B52-A840-A88F1097C306}.Debug|Any CPU.Build.0 = Debug|Any CPU
		{2E86B148-40CB-4B52-A840-A88F1097C306}.Release|Any CPU.ActiveCfg = Release|Any CPU
		{2E86B148-40CB-4B52-A840-A88F1097C306}.Release|Any CPU.Build.0 = Release|Any CPU
	EndGlobalSection
	GlobalSection(SolutionProperties) = preSolution
		HideSolutionNode = FALSE
	EndGlobalSection
	GlobalSection(NestedProjects) = preSolution
		{4E05D15D-2ECA-485F-B563-E3D05EAA3253} = {4380366B-EFFB-4004-8B6F-B606858F68E9}
		{2E86B148-40CB-4B52-A840-A88F1097C306} = {4380366B-EFFB-4004-8B6F-B606858F68E9}
	EndGlobalSection
	GlobalSection(ExtensibilityGlobals) = postSolution
		SolutionGuid = {F3EBDC57-E7F4-424F-AB9D-D07A57731201}
	EndGlobalSection
EndGlobal
